
Microsoft Visual Studio Solution File, Format Version 12.00
# Visual Studio Version 17
VisualStudioVersion = 17.8.34330.188
MinimumVisualStudioVersion = 10.0.40219.1
Project("{FAE04EC0-301F-11D3-BF4B-00C04F79EFBC}") = "Hermes.Engine", "src\Hermes.Engine\Hermes.Engine.csproj", "{A1B2C3D4-E5F6-7890-ABCD-EF1234567890}"
EndProject
Project("{FAE04EC0-301F-11D3-BF4B-00C04F79EFBC}") = "Hermes.Api", "src\Hermes.Api\Hermes.Api.csproj", "{B2C3D4E5-F6A1-7890-BCDE-F12345678901}"
EndProject
Project("{2150E333-8FDC-42A3-9474-1A3956D46DE8}") = "tests", "tests", "{3B3C0CFE-B38E-471B-9246-630993CE3993}"
EndProject
Project("{FAE04EC0-301F-11D3-BF4B-00C04F79EFBC}") = "Hermes.Engine.Tests", "tests\Hermes.Engine.Tests\Hermes.Engine.Tests.csproj", "{33626A02-2AEF-4E9E-AB76-8C437E0007E4}"
EndProject
Project("{FAE04EC0-301F-11D3-BF4B-00C04F79EFBC}") = "Hermes.Api.Tests", "tests\Hermes.Api.Tests\Hermes.Api.Tests.csproj", "{C3D4E5F6-A1B2-7890-CDEF-123456789012}"
EndProject
Project("{2150E333-8FDC-42A3-9474-1A3956D46DE8}") = "src", "src", "{5970647D-CF48-448A-87D0-685A69AB770E}"
EndProject
Project("{FAE04EC0-301F-11D3-BF4B-00C04F79EFBC}") = "Hermes.Plugins.Sdk", "src\Hermes.Plugins.Sdk\Hermes.Plugins.Sdk.csproj", "{928E1FA4-3817-4B78-B487-E1142FAA1D85}"
EndProject
Global
	GlobalSection(SolutionConfigurationPlatforms) = preSolution
		Debug|Any CPU = Debug|Any CPU
		Release|Any CPU = Release|Any CPU
	EndGlobalSection
	GlobalSection(ProjectConfigurationPlatforms) = postSolution
		{A1B2C3D4-E5F6-7890-ABCD-EF1234567890}.Debug|Any CPU.ActiveCfg = Debug|Any CPU
		{A1B2C3D4-E5F6-7890-ABCD-EF1234567890}.Debug|Any CPU.Build.0 = Debug|Any CPU
		{A1B2C3D4-E5F6-7890-ABCD-EF1234567890}.Release|Any CPU.ActiveCfg = Release|Any CPU
		{A1B2C3D4-E5F6-7890-ABCD-EF1234567890}.Release|Any CPU.Build.0 = Release|Any CPU
		{B2C3D4E5-F6A1-7890-BCDE-F12345678901}.Debug|Any CPU.ActiveCfg = Debug|Any CPU
		{B2C3D4E5-F6A1-7890-BCDE-F12345678901}.Debug|Any CPU.Build.0 = Debug|Any CPU
		{B2C3D4E5-F6A1-7890-BCDE-F12345678901}.Release|Any CPU.ActiveCfg = Release|Any CPU
		{B2C3D4E5-F6A1-7890-BCDE-F12345678901}.Release|Any CPU.Build.0 = Release|Any CPU
		{33626A02-2AEF-4E9E-AB76-8C437E0007E4}.Debug|Any CPU.ActiveCfg = Debug|Any CPU
		{33626A02-2AEF-4E9E-AB76-8C437E0007E4}.Debug|Any CPU.Build.0 = Debug|Any CPU
		{33626A02-2AEF-4E9E-AB76-8C437E0007E4}.Release|Any CPU.ActiveCfg = Release|Any CPU
		{33626A02-2AEF-4E9E-AB76-8C437E0007E4}.Release|Any CPU.Build.0 = Release|Any CPU
		{C3D4E5F6-A1B2-7890-CDEF-123456789012}.Debug|Any CPU.ActiveCfg = Debug|Any CPU
		{C3D4E5F6-A1B2-7890-CDEF-123456789012}.Debug|Any CPU.Build.0 = Debug|Any CPU
		{C3D4E5F6-A1B2-7890-CDEF-123456789012}.Release|Any CPU.ActiveCfg = Release|Any CPU
		{C3D4E5F6-A1B2-7890-CDEF-123456789012}.Release|Any CPU.Build.0 = Release|Any CPU
		{928E1FA4-3817-4B78-B487-E1142FAA1D85}.Debug|Any CPU.ActiveCfg = Debug|Any CPU
		{928E1FA4-3817-4B78-B487-E1142FAA1D85}.Debug|Any CPU.Build.0 = Debug|Any CPU
		{928E1FA4-3817-4B78-B487-E1142FAA1D85}.Release|Any CPU.ActiveCfg = Release|Any CPU
		{928E1FA4-3817-4B78-B487-E1142FAA1D85}.Release|Any CPU.Build.0 = Release|Any CPU
	EndGlobalSection
	GlobalSection(NestedProjects) = preSolution
		{33626A02-2AEF-4E9E-AB76-8C437E0007E4} = {3B3C0CFE-B38E-471B-9246-630993CE3993}
		{C3D4E5F6-A1B2-7890-CDEF-123456789012} = {3B3C0CFE-B38E-471B-9246-630993CE3993}
		{928E1FA4-3817-4B78-B487-E1142FAA1D85} = {5970647D-CF48-448A-87D0-685A69AB770E}
	EndGlobalSection
EndGlobal
